{
  "name": "frontend",
  "lockfileVersion": 3,
  "requires": true,
  "packages": {
    "": {
      "dependencies": {
        "vscode-web": "^1.75.1"
      }
    },
    "node_modules/vscode-web": {
      "version": "1.75.1",
      "resolved": "https://registry.npmjs.org/vscode-web/-/vscode-web-1.75.1.tgz",
      "integrity": "sha512-wZkATUMmAeF1fr4pzfOQbTnVYArUXwqBcSsqzvtapQHRfGHGVR8/6icMp3maZibBAeAN0Vf0JDDcWS+EU/X6MA=="
    }
  }
}
